lockfileVersion: '9.0'

settings:
  autoInstallPeers: true
  excludeLinksFromLockfile: false

importers:

  .:
    dependencies:
      '@elysiajs/jwt':
        specifier: ^1.1.1
        version: 1.1.1(elysia@1.1.26(@sinclair/typebox@0.34.13)(typescript@5.7.2))
      elysia:
        specifier: ^1.1.26
        version: 1.1.26(@sinclair/typebox@0.34.13)(typescript@5.7.2)
    devDependencies:
      '@types/bun':
        specifier: ^1.1.14
        version: 1.1.14
      typescript:
        specifier: ^5.7.2
        version: 5.7.2

packages:

  '@elysiajs/jwt@1.1.1':
    resolution: {integrity: sha512-DpTFeTstzltmQdorIU7b1VlaAZLOhV18rF4aC0mkxbJTPmRLUwjf549osnGKuXHoJLRgeSZYb9POKD6hm7NwHw==}
    peerDependencies:
      elysia: '>= 1.1.0'

  '@sinclair/typebox@0.34.13':
    resolution: {integrity: sha512-ceVKqyCEgC355Kw0s/0tyfY9MzMQINSykJ/pG2w6YnaZyrcjV48svZpr8lVZrYgWjzOmrIPBhQRAtr/7eJpA5g==}

  '@types/bun@1.1.14':
    resolution: {integrity: sha512-opVYiFGtO2af0dnWBdZWlioLBoxSdDO5qokaazLhq8XQtGZbY4pY3/JxY8Zdf/hEwGubbp7ErZXoN1+h2yesxA==}

  '@types/node@20.12.14':
    resolution: {integrity: sha512-scnD59RpYD91xngrQQLGkE+6UrHUPzeKZWhhjBSa3HSkwjbQc38+q3RoIVEwxQGRw3M+j5hpNAM+lgV3cVormg==}

  '@types/ws@8.5.13':
    resolution: {integrity: sha512-osM/gWBTPKgHV8XkTunnegTRIsvF6owmf5w+JtAfOw472dptdm0dlGv4xCt6GwQRcC2XVOvvRE/0bAoQcL2QkA==}

  bun-types@1.1.37:
    resolution: {integrity: sha512-C65lv6eBr3LPJWFZ2gswyrGZ82ljnH8flVE03xeXxKhi2ZGtFiO4isRKTKnitbSqtRAcaqYSR6djt1whI66AbA==}

  cookie@1.0.2:
    resolution: {integrity: sha512-9Kr/j4O16ISv8zBBhJoi4bXOYNTkFLOqSL3UDB0njXxCXNezjeyVrJyGOWtgfs/q2km1gwBcfH8q1yEGoMYunA==}
    engines: {node: '>=18'}

  elysia@1.1.26:
    resolution: {integrity: sha512-wtHa46hP4cMzzgq+WlqVMz9th56FlEdS1UDJgtAJD3rQkjovidySKxFfdKEr16pulaleBo5OC1BQL35XhGaW0Q==}
    peerDependencies:
      '@sinclair/typebox': '>= 0.32.0'
      openapi-types: '>= 12.0.0'
      typescript: '>= 5.0.0'
    peerDependenciesMeta:
      openapi-types:
        optional: true
      typescript:
        optional: true

  fast-decode-uri-component@1.0.1:
    resolution: {integrity: sha512-WKgKWg5eUxvRZGwW8FvfbaH7AXSh2cL+3j5fMGzUMCxWBJ3dV3a7Wz8y2f/uQ0e3B6WmodD3oS54jTQ9HVTIIg==}

  jose@4.15.9:
    resolution: {integrity: sha512-1vUQX+IdDMVPj4k8kOxgUqlcK518yluMuGZwqlr44FS1ppZB/5GWh4rZG89erpOBOJjU/OBsnCVFfapsRz6nEA==}

  typescript@5.7.2:
    resolution: {integrity: sha512-i5t66RHxDvVN40HfDd1PsEThGNnlMCMT3jMUuoh9/0TaqWevNontacunWyN02LA9/fIbEWlcHZcgTKb9QoaLfg==}
    engines: {node: '>=14.17'}
    hasBin: true

  undici-types@5.26.5:
    resolution: {integrity: sha512-JlCMO+ehdEIKqlFxk6IfVoAUVmgz7cU7zD/h9XZ0qzeosSHmUJVOzSQvvYSYWXkFXC+IfLKSIffhv0sVZup6pA==}

snapshots:

  '@elysiajs/jwt@1.1.1(elysia@1.1.26(@sinclair/typebox@0.34.13)(typescript@5.7.2))':
    dependencies:
      elysia: 1.1.26(@sinclair/typebox@0.34.13)(typescript@5.7.2)
      jose: 4.15.9

  '@sinclair/typebox@0.34.13': {}

  '@types/bun@1.1.14':
    dependencies:
      bun-types: 1.1.37

  '@types/node@20.12.14':
    dependencies:
      undici-types: 5.26.5

  '@types/ws@8.5.13':
    dependencies:
      '@types/node': 20.12.14

  bun-types@1.1.37:
    dependencies:
      '@types/node': 20.12.14
      '@types/ws': 8.5.13

  cookie@1.0.2: {}

  elysia@1.1.26(@sinclair/typebox@0.34.13)(typescript@5.7.2):
    dependencies:
      '@sinclair/typebox': 0.34.13
      cookie: 1.0.2
      fast-decode-uri-component: 1.0.1
    optionalDependencies:
      typescript: 5.7.2

  fast-decode-uri-component@1.0.1: {}

  jose@4.15.9: {}

  typescript@5.7.2: {}

  undici-types@5.26.5: {}
